// !$*UTF8*$!
{
	archiveVersion = 1;
	classes = {
	};
	objectVersion = 46;
	objects = {

/* Begin PBXBuildFile section */
		04FF76A91CB70D1D002798F1 /* AppDelegate.swift in Sources */ = {isa = PBXBuildFile; fileRef = 04FF76A81CB70D1D002798F1 /* AppDelegate.swift */; };
		04FF76AB1CB70D1D002798F1 /* ViewController.swift in Sources */ = {isa = PBXBuildFile; fileRef = 04FF76AA1CB70D1D002798F1 /* ViewController.swift */; };
		04FF76AE1CB70D1D002798F1 /* Main.storyboard in Resources */ = {isa = PBXBuildFile; fileRef = 04FF76AC1CB70D1D002798F1 /* Main.storyboard */; };
		04FF76B01CB70D1D002798F1 /* Assets.xcassets in Resources */ = {isa = PBXBuildFile; fileRef = 04FF76AF1CB70D1D002798F1 /* Assets.xcassets */; };
		04FF76B31CB70D1D002798F1 /* LaunchScreen.storyboard in Resources */ = {isa = PBXBuildFile; fileRef = 04FF76B11CB70D1D002798F1 /* LaunchScreen.storyboard */; };
		04FF76BE1CB70D1D002798F1 /* ZPLineTests.swift in Sources */ = {isa = PBXBuildFile; fileRef = 04FF76BD1CB70D1D002798F1 /* ZPLineTests.swift */; };
		04FF76C91CB70D1D002798F1 /* ZPLineUITests.swift in Sources */ = {isa = PBXBuildFile; fileRef = 04FF76C81CB70D1D002798F1 /* ZPLineUITests.swift */; };
		04FF76D71CB70D44002798F1 /* ZPLine.swift in Sources */ = {isa = PBXBuildFile; fileRef = 04FF76D61CB70D44002798F1 /* ZPLine.swift */; };
/* End PBXBuildFile section */

/* Begin PBXContainerItemProxy section */
		04FF76BA1CB70D1D002798F1 /* PBXContainerItemProxy */ = {
			isa = PBXContainerItemProxy;
			containerPortal = 04FF769D1CB70D1D002798F1 /* Project object */;
			proxyType = 1;
			remoteGlobalIDString = 04FF76A41CB70D1D002798F1;
			remoteInfo = ZPLine;
		};
		04FF76C51CB70D1D002798F1 /* PBXContainerItemProxy */ = {
			isa = PBXContainerItemProxy;
			containerPortal = 04FF769D1CB70D1D002798F1 /* Project object */;
			proxyType = 1;
			remoteGlobalIDString = 04FF76A41CB70D1D002798F1;
			remoteInfo = ZPLine;
		};
/* End PBXContainerItemProxy section */

/* Begin PBXFileReference section */
		04FF76A51CB70D1D002798F1 /* ZPLine.app */ = {isa = PBXFileReference; explicitFileType = wrapper.application; includeInIndex = 0; path = ZPLine.app; sourceTree = BUILT_PRODUCTS_DIR; };
		04FF76A81CB70D1D002798F1 /* AppDelegate.swift */ = {isa = PBXFileReference; lastKnownFileType = sourcecode.swift; path = AppDelegate.swift; sourceTree = "<group>"; };
		04FF76AA1CB70D1D002798F1 /* ViewController.swift */ = {isa = PBXFileReference; lastKnownFileType = sourcecode.swift; path = ViewController.swift; sourceTree = "<group>"; };
		04FF76AD1CB70D1D002798F1 /* Base */ = {isa = PBXFileReference; lastKnownFileType = file.storyboard; name = Base; path = Base.lproj/Main.storyboard; sourceTree = "<group>"; };
		04FF76AF1CB70D1D002798F1 /* Assets.xcassets */ = {isa = PBXFileReference; lastKnownFileType = folder.assetcatalog; path = Assets.xcassets; sourceTree = "<group>"; };
		04FF76B21CB70D1D002798F1 /* Base */ = {isa = PBXFileReference; lastKnownFileType = file.storyboard; name = Base; path = Base.lproj/LaunchScreen.storyboard; sourceTree = "<group>"; };
		04FF76B41CB70D1D002798F1 /* Info.plist */ = {isa = PBXFileReference; lastKnownFileType = text.plist.xml; path = Info.plist; sourceTree = "<group>"; };
		04FF76B91CB70D1D002798F1 /* ZPLineTests.xctest */ = {isa = PBXFileReference; explicitFileType = wrapper.cfbundle; includeInIndex = 0; path = ZPLineTests.xctest; sourceTree = BUILT_PRODUCTS_DIR; };
		04FF76BD1CB70D1D002798F1 /* ZPLineTests.swift */ = {isa = PBXFileReference; lastKnownFileType = sourcecode.swift; path = ZPLineTests.swift; sourceTree = "<group>"; };
		04FF76BF1CB70D1D002798F1 /* Info.plist */ = {isa = PBXFileReference; lastKnownFileType = text.plist.xml; path = Info.plist; sourceTree = "<group>"; };
		04FF76C41CB70D1D002798F1 /* ZPLineUITests.xctest */ = {isa = PBXFileReference; explicitFileType = wrapper.cfbundle; includeInIndex = 0; path = ZPLineUITests.xctest; sourceTree = BUILT_PRODUCTS_DIR; };
		04FF76C81CB70D1D002798F1 /* ZPLineUITests.swift */ = {isa = PBXFileReference; lastKnownFileType = sourcecode.swift; path = ZPLineUITests.swift; sourceTree = "<group>"; };
		04FF76CA1CB70D1D002798F1 /* Info.plist */ = {isa = PBXFileReference; lastKnownFileType = text.plist.xml; path = Info.plist; sourceTree = "<group>"; };
		04FF76D61CB70D44002798F1 /* ZPLine.swift */ = {isa = PBXFileReference; fileEncoding = 4; lastKnownFileType = sourcecode.swift; path = ZPLine.swift; sourceTree = "<group>"; };
/* End PBXFileReference section */

/* Begin PBXFrameworksBuildPhase section */
		04FF76A21CB70D1D002798F1 /* Frameworks */ = {
			isa = PBXFrameworksBuildPhase;
			buildActionMask = 2147483647;
			files = (
			);
			runOnlyForDeploymentPostprocessing = 0;
		};
		04FF76B61CB70D1D002798F1 /* Frameworks */ = {
			isa = PBXFrameworksBuildPhase;
			buildActionMask = 2147483647;
			files = (
			);
			runOnlyForDeploymentPostprocessing = 0;
		};
		04FF76C11CB70D1D002798F1 /* Frameworks */ = {
			isa = PBXFrameworksBuildPhase;
			buildActionMask = 2147483647;
			files = (
			);
			runOnlyForDeploymentPostprocessing = 0;
		};
/* End PBXFrameworksBuildPhase section */

/* Begin PBXGroup section */
		04FF769C1CB70D1D002798F1 = {
			isa = PBXGroup;
			children = (
				04FF76A71CB70D1D002798F1 /* ZPLine */,
				04FF76BC1CB70D1D002798F1 /* ZPLineTests */,
				04FF76C71CB70D1D002798F1 /* ZPLineUITests */,
				04FF76A61CB70D1D002798F1 /* Products */,
			);
			sourceTree = "<group>";
		};
		04FF76A61CB70D1D002798F1 /* Products */ = {
			isa = PBXGroup;
			children = (
				04FF76A51CB70D1D002798F1 /* ZPLine.app */,
				04FF76B91CB70D1D002798F1 /* ZPLineTests.xctest */,
				04FF76C41CB70D1D002798F1 /* ZPLineUITests.xctest */,
			);
			name = Products;
			sourceTree = "<group>";
		};
		04FF76A71CB70D1D002798F1 /* ZPLine */ = {
			isa = PBXGroup;
			children = (
				04FF76A81CB70D1D002798F1 /* AppDelegate.swift */,
				04FF76AA1CB70D1D002798F1 /* ViewController.swift */,
				04FF76D61CB70D44002798F1 /* ZPLine.swift */,
				04FF76AC1CB70D1D002798F1 /* Main.storyboard */,
				04FF76AF1CB70D1D002798F1 /* Assets.xcassets */,
				04FF76B11CB70D1D002798F1 /* LaunchScreen.storyboard */,
				04FF76B41CB70D1D002798F1 /* Info.plist */,
			);
			path = ZPLine;
			sourceTree = "<group>";
		};
		04FF76BC1CB70D1D002798F1 /* ZPLineTests */ = {
			isa = PBXGroup;
			children = (
				04FF76BD1CB70D1D002798F1 /* ZPLineTests.swift */,
				04FF76BF1CB70D1D002798F1 /* Info.plist */,
			);
			path = ZPLineTests;
			sourceTree = "<group>";
		};
		04FF76C71CB70D1D002798F1 /* ZPLineUITests */ = {
			isa = PBXGroup;
			children = (
				04FF76C81CB70D1D002798F1 /* ZPLineUITests.swift */,
				04FF76CA1CB70D1D002798F1 /* Info.plist */,
			);
			path = ZPLineUITests;
			sourceTree = "<group>";
		};
/* End PBXGroup section */

/* Begin PBXNativeTarget section */
		04FF76A41CB70D1D002798F1 /* ZPLine */ = {
			isa = PBXNativeTarget;
			buildConfigurationList = 04FF76CD1CB70D1D002798F1 /* Build configuration list for PBXNativeTarget "ZPLine" */;
			buildPhases = (
				04FF76A11CB70D1D002798F1 /* Sources */,
				04FF76A21CB70D1D002798F1 /* Frameworks */,
				04FF76A31CB70D1D002798F1 /* Resources */,
			);
			buildRules = (
			);
			dependencies = (
			);
			name = ZPLine;
			productName = ZPLine;
			productReference = 04FF76A51CB70D1D002798F1 /* ZPLine.app */;
			productType = "com.apple.product-type.application";
		};
		04FF76B81CB70D1D002798F1 /* ZPLineTests */ = {
			isa = PBXNativeTarget;
			buildConfigurationList = 04FF76D01CB70D1D002798F1 /* Build configuration list for PBXNativeTarget "ZPLineTests" */;
			buildPhases = (
				04FF76B51CB70D1D002798F1 /* Sources */,
				04FF76B61CB70D1D002798F1 /* Frameworks */,
				04FF76B71CB70D1D002798F1 /* Resources */,
			);
			buildRules = (
			);
			dependencies = (
				04FF76BB1CB70D1D002798F1 /* PBXTargetDependency */,
			);
			name = ZPLineTests;
			productName = ZPLineTests;
			productReference = 04FF76B91CB70D1D002798F1 /* ZPLineTests.xctest */;
			productType = "com.apple.product-type.bundle.unit-test";
		};
		04FF76C31CB70D1D002798F1 /* ZPLineUITests */ = {
			isa = PBXNativeTarget;
			buildConfigurationList = 04FF76D31CB70D1D002798F1 /* Build configuration list for PBXNativeTarget "ZPLineUITests" */;
			buildPhases = (
				04FF76C01CB70D1D002798F1 /* Sources */,
				04FF76C11CB70D1D002798F1 /* Frameworks */,
				04FF76C21CB70D1D002798F1 /* Resources */,
			);
			buildRules = (
			);
			dependencies = (
				04FF76C61CB70D1D002798F1 /* PBXTargetDependency */,
			);
			name = ZPLineUITests;
			productName = ZPLineUITests;
			productReference = 04FF76C41CB70D1D002798F1 /* ZPLineUITests.xctest */;
			productType = "com.apple.product-type.bundle.ui-testing";
		};
/* End PBXNativeTarget section */

/* Begin PBXProject section */
		04FF769D1CB70D1D002798F1 /* Project object */ = {
			isa = PBXProject;
			attributes = {
				LastSwiftUpdateCheck = 0730;
				LastUpgradeCheck = 0730;
				ORGANIZATIONNAME = mac;
				TargetAttributes = {
					04FF76A41CB70D1D002798F1 = {
						CreatedOnToolsVersion = 7.3;
					};
					04FF76B81CB70D1D002798F1 = {
						CreatedOnToolsVersion = 7.3;
						TestTargetID = 04FF76A41CB70D1D002798F1;
					};
					04FF76C31CB70D1D002798F1 = {
						CreatedOnToolsVersion = 7.3;
						TestTargetID = 04FF76A41CB70D1D002798F1;
					};
				};
			};
			buildConfigurationList = 04FF76A01CB70D1D002798F1 /* Build configuration list for PBXProject "ZPLine" */;
			compatibilityVersion = "Xcode 3.2";
			developmentRegion = English;
			hasScannedForEncodings = 0;
			knownRegions = (
				en,
				Base,
			);
			mainGroup = 04FF769C1CB70D1D002798F1;
			productRefGroup = 04FF76A61CB70D1D002798F1 /* Products */;
			projectDirPath = "";
			projectRoot = "";
			targets = (
				04FF76A41CB70D1D002798F1 /* ZPLine */,
				04FF76B81CB70D1D002798F1 /* ZPLineTests */,
				04FF76C31CB70D1D002798F1 /* ZPLineUITests */,
			);
		};
/* End PBXProject section */

/* Begin PBXResourcesBuildPhase section */
		04FF76A31CB70D1D002798F1 /* Resources */ = {
			isa = PBXResourcesBuildPhase;
			buildActionMask = 2147483647;
			files = (
				04FF76B31CB70D1D002798F1 /* LaunchScreen.storyboard in Resources */,
				04FF76B01CB70D1D002798F1 /* Assets.xcassets in Resources */,
				04FF76AE1CB70D1D002798F1 /* Main.storyboard in Resources */,
			);
			runOnlyForDeploymentPostprocessing = 0;
		};
		04FF76B71CB70D1D002798F1 /* Resources */ = {
			isa = PBXResourcesBuildPhase;
			buildActionMask = 2147483647;
			files = (
			);
			runOnlyForDeploymentPostprocessing = 0;
		};
		04FF76C21CB70D1D002798F1 /* Resources */ = {
			isa = PBXResourcesBuildPhase;
			buildActionMask = 2147483647;
			files = (
			);
			runOnlyForDeploymentPostprocessing = 0;
		};
/* End PBXResourcesBuildPhase section */

/* Begin PBXSourcesBuildPhase section */
		04FF76A11CB70D1D002798F1 /* Sources */ = {
			isa = PBXSourcesBuildPhase;
			buildActionMask = 2147483647;
			files = (
				04FF76AB1CB70D1D002798F1 /* ViewController.swift in Sources */,
				04FF76A91CB70D1D002798F1 /* AppDelegate.swift in Sources */,
				04FF76D71CB70D44002798F1 /* ZPLine.swift in Sources */,
			);
			runOnlyForDeploymentPostprocessing = 0;
		};
		04FF76B51CB70D1D002798F1 /* Sources */ = {
			isa = PBXSourcesBuildPhase;
			buildActionMask = 2147483647;
			files = (
				04FF76BE1CB70D1D002798F1 /* ZPLineTests.swift in Sources */,
			);
			runOnlyForDeploymentPostprocessing = 0;
		};
		04FF76C01CB70D1D002798F1 /* Sources */ = {
			isa = PBXSourcesBuildPhase;
			buildActionMask = 2147483647;
			files = (
				04FF76C91CB70D1D002798F1 /* ZPLineUITests.swift in Sources */,
			);
			runOnlyForDeploymentPostprocessing = 0;
		};
/* End PBXSourcesBuildPhase section */

/* Begin PBXTargetDependency section */
		04FF76BB1CB70D1D002798F1 /* PBXTargetDependency */ = {
			isa = PBXTargetDependency;
			target = 04FF76A41CB70D1D002798F1 /* ZPLine */;
			targetProxy = 04FF76BA1CB70D1D002798F1 /* PBXContainerItemProxy */;
		};
		04FF76C61CB70D1D002798F1 /* PBXTargetDependency */ = {
			isa = PBXTargetDependency;
			target = 04FF76A41CB70D1D002798F1 /* ZPLine */;
			targetProxy = 04FF76C51CB70D1D002798F1 /* PBXContainerItemProxy */;
		};
/* End PBXTargetDependency section */

/* Begin PBXVariantGroup section */
		04FF76AC1CB70D1D002798F1 /* Main.storyboard */ = {
			isa = PBXVariantGroup;
			children = (
				04FF76AD1CB70D1D002798F1 /* Base */,
			);
			name = Main.storyboard;
			sourceTree = "<group>";
		};
		04FF76B11CB70D1D002798F1 /* LaunchScreen.storyboard */ = {
			isa = PBXVariantGroup;
			children = (
				04FF76B21CB70D1D002798F1 /* Base */,
			);
			name = LaunchScreen.storyboard;
			sourceTree = "<group>";
		};
/* End PBXVariantGroup section */

/* Begin XCBuildConfiguration section */
		04FF76CB1CB70D1D002798F1 /* Debug */ = {
			isa = XCBuildConfiguration;
			buildSettings = {
				ALWAYS_SEARCH_USER_PATHS = NO;
				CLANG_ANALYZER_NONNULL = YES;
				CLANG_CXX_LANGUAGE_STANDARD = "gnu++0x";
				CLANG_CXX_LIBRARY = "libc++";
				CLANG_ENABLE_MODULES = YES;
				CLANG_ENABLE_OBJC_ARC = YES;
				CLANG_WARN_BOOL_CONVERSION = YES;
				CLANG_WARN_CONSTANT_CONVERSION = YES;
				CLANG_WARN_DIRECT_OBJC_ISA_USAGE = YES_ERROR;
				CLANG_WARN_EMPTY_BODY = YES;
				CLANG_WARN_ENUM_CONVERSION = YES;
				CLANG_WARN_INT_CONVERSION = YES;
				CLANG_WARN_OBJC_ROOT_CLASS = YES_ERROR;
				CLANG_WARN_UNREACHABLE_CODE = YES;
				CLANG_WARN__DUPLICATE_METHOD_MATCH = YES;
				"CODE_SIGN_IDENTITY[sdk=iphoneos*]" = "iPhone Developer";
				COPY_PHASE_STRIP = NO;
				DEBUG_INFORMATION_FORMAT = dwarf;
				ENABLE_STRICT_OBJC_MSGSEND = YES;
				ENABLE_TESTABILITY = YES;
				GCC_C_LANGUAGE_STANDARD = gnu99;
				GCC_DYNAMIC_NO_PIC = NO;
				GCC_NO_COMMON_BLOCKS = YES;
				GCC_OPTIMIZATION_LEVEL = 0;
				GCC_PREPROCESSOR_DEFINITIONS = (
					"DEBUG=1",
					"$(inherited)",
				);
				GCC_WARN_64_TO_32_BIT_CONVERSION = YES;
				GCC_WARN_ABOUT_RETURN_TYPE = YES_ERROR;
				GCC_WARN_UNDECLARED_SELECTOR = YES;
				GCC_WARN_UNINITIALIZED_AUTOS = YES_AGGRESSIVE;
				GCC_WARN_UNUSED_FUNCTION = YES;
				GCC_WARN_UNUSED_VARIABLE = YES;
				IPHONEOS_DEPLOYMENT_TARGET = 9.3;
				MTL_ENABLE_DEBUG_INFO = YES;
				ONLY_ACTIVE_ARCH = YES;
				SDKROOT = iphoneos;
				SWIFT_OPTIMIZATION_LEVEL = "-Onone";
				TARGETED_DEVICE_FAMILY = "1,2";
			};
			name = Debug;
		};
		04FF76CC1CB70D1D002798F1 /* Release */ = {
			isa = XCBuildConfiguration;
			buildSettings = {
				ALWAYS_SEARCH_USER_PATHS = NO;
				CLANG_ANALYZER_NONNULL = YES;
				CLANG_CXX_LANGUAGE_STANDARD = "gnu++0x";
				CLANG_CXX_LIBRARY = "libc++";
				CLANG_ENABLE_MODULES = YES;
				CLANG_ENABLE_OBJC_ARC = YES;
				CLANG_WARN_BOOL_CONVERSION = YES;
				CLANG_WARN_CONSTANT_CONVERSION = YES;
				CLANG_WARN_DIRECT_OBJC_ISA_USAGE = YES_ERROR;
				CLANG_WARN_EMPTY_BODY = YES;
				CLANG_WARN_ENUM_CONVERSION = YES;
				CLANG_WARN_INT_CONVERSION = YES;
				CLANG_WARN_OBJC_ROOT_CLASS = YES_ERROR;
				CLANG_WARN_UNREACHABLE_CODE = YES;
				CLANG_WARN__DUPLICATE_METHOD_MATCH = YES;
				"CODE_SIGN_IDENTITY[sdk=iphoneos*]" = "iPhone Developer";
				COPY_PHASE_STRIP = NO;
				DEBUG_INFORMATION_FORMAT = "dwarf-with-dsym";
				ENABLE_NS_ASSERTIONS = NO;
				ENABLE_STRICT_OBJC_MSGSEND = YES;
				GCC_C_LANGUAGE_STANDARD = gnu99;
				GCC_NO_COMMON_BLOCKS = YES;
				GCC_WARN_64_TO_32_BIT_CONVERSION = YES;
				GCC_WARN_ABOUT_RETURN_TYPE = YES_ERROR;
				GCC_WARN_UNDECLARED_SELECTOR = YES;
				GCC_WARN_UNINITIALIZED_AUTOS = YES_AGGRESSIVE;
				GCC_WARN_UNUSED_FUNCTION = YES;
				GCC_WARN_UNUSED_VARIABLE = YES;
				IPHONEOS_DEPLOYMENT_TARGET = 9.3;
				MTL_ENABLE_DEBUG_INFO = NO;
				SDKROOT = iphoneos;
				TARGETED_DEVICE_FAMILY = "1,2";
				VALIDATE_PRODUCT = YES;
			};
			name = Release;
		};
		04FF76CE1CB70D1D002798F1 /* Debug */ = {
			isa = XCBuildConfiguration;
			buildSettings = {
				ASSETCATALOG_COMPILER_APPICON_NAME = AppIcon;
				INFOPLIST_FILE = ZPLine/Info.plist;
				LD_RUNPATH_SEARCH_PATHS = "$(inherited) @executable_path/Frameworks";
				PRODUCT_BUNDLE_IDENTIFIER = wyq.ZPLine;
				PRODUCT_NAME = "$(TARGET_NAME)";
				SWIFT_VERSION = 4.0;
			};
			name = Debug;
		};
		04FF76CF1CB70D1D002798F1 /* Release */ = {
			isa = XCBuildConfiguration;
			buildSettings = {
				ASSETCATALOG_COMPILER_APPICON_NAME = AppIcon;
				INFOPLIST_FILE = ZPLine/Info.plist;
				LD_RUNPATH_SEARCH_PATHS = "$(inherited) @executable_path/Frameworks";
				PRODUCT_BUNDLE_IDENTIFIER = wyq.ZPLine;
				PRODUCT_NAME = "$(TARGET_NAME)";
				SWIFT_VERSION = 4.0;
			};
			name = Release;
		};
		04FF76D11CB70D1D002798F1 /* Debug */ = {
			isa = XCBuildConfiguration;
			buildSettings = {
				BUNDLE_LOADER = "$(TEST_HOST)";
				INFOPLIST_FILE = ZPLineTests/Info.plist;
				LD_RUNPATH_SEARCH_PATHS = "$(inherited) @executable_path/Frameworks @loader_path/Frameworks";
				PRODUCT_BUNDLE_IDENTIFIER = wyq.ZPLineTests;
				PRODUCT_NAME = "$(TARGET_NAME)";
				TEST_HOST = "$(BUILT_PRODUCTS_DIR)/ZPLine.app/ZPLine";
			};
			name = Debug;
		};
		04FF76D21CB70D1D002798F1 /* Release */ = {
			isa = XCBuildConfiguration;
			buildSettings = {
				BUNDLE_LOADER = "$(TEST_HOST)";
				INFOPLIST_FILE = ZPLineTests/Info.plist;
				LD_RUNPATH_SEARCH_PATHS = "$(inherited) @executable_path/Frameworks @loader_path/Frameworks";
				PRODUCT_BUNDLE_IDENTIFIER = wyq.ZPLineTests;
				PRODUCT_NAME = "$(TARGET_NAME)";
				TEST_HOST = "$(BUILT_PRODUCTS_DIR)/ZPLine.app/ZPLine";
			};
			name = Release;
		};
		04FF76D41CB70D1D002798F1 /* Debug */ = {
			isa = XCBuildConfiguration;
			buildSettings = {
				INFOPLIST_FILE = ZPLineUITests/Info.plist;
				LD_RUNPATH_SEARCH_PATHS = "$(inherited) @executable_path/Frameworks @loader_path/Frameworks";
				PRODUCT_BUNDLE_IDENTIFIER = wyq.ZPLineUITests;
				PRODUCT_NAME = "$(TARGET_NAME)";
				TEST_TARGET_NAME = ZPLine;
			};
			name = Debug;
		};
		04FF76D51CB70D1D002798F1 /* Release */ = {
			isa = XCBuildConfiguration;
			buildSettings = {
				INFOPLIST_FILE = ZPLineUITests/Info.plist;
				LD_RUNPATH_SEARCH_PATHS = "$(inherited) @executable_path/Frameworks @loader_path/Frameworks";
				PRODUCT_BUNDLE_IDENTIFIER = wyq.ZPLineUITests;
				PRODUCT_NAME = "$(TARGET_NAME)";
				TEST_TARGET_NAME = ZPLine;
			};
			name = Release;
		};
/* End XCBuildConfiguration section */

/* Begin XCConfigurationList section */
		04FF76A01CB70D1D002798F1 /* Build configuration list for PBXProject "ZPLine" */ = {
			isa = XCConfigurationList;
			buildConfigurations = (
				04FF76CB1CB70D1D002798F1 /* Debug */,
				04FF76CC1CB70D1D002798F1 /* Release */,
			);
			defaultConfigurationIsVisible = 0;
			defaultConfigurationName = Release;
		};
		04FF76CD1CB70D1D002798F1 /* Build configuration list for PBXNativeTarget "ZPLine" */ = {
			isa = XCConfigurationList;
			buildConfigurations = (
				04FF76CE1CB70D1D002798F1 /* Debug */,
				04FF76CF1CB70D1D002798F1 /* Release */,
			);
			defaultConfigurationIsVisible = 0;
			defaultConfigurationName = Release;
		};
		04FF76D01CB70D1D002798F1 /* Build configuration list for PBXNativeTarget "ZPLineTests" */ = {
			isa = XCConfigurationList;
			buildConfigurations = (
				04FF76D11CB70D1D002798F1 /* Debug */,
				04FF76D21CB70D1D002798F1 /* Release */,
			);
			defaultConfigurationIsVisible = 0;
			defaultConfigurationName = Release;
		};
		04FF76D31CB70D1D002798F1 /* Build configuration list for PBXNativeTarget "ZPLineUITests" */ = {
			isa = XCConfigurationList;
			buildConfigurations = (
				04FF76D41CB70D1D002798F1 /* Debug */,
				04FF76D51CB70D1D002798F1 /* Release */,
			);
			defaultConfigurationIsVisible = 0;
			defaultConfigurationName = Release;
		};
/* End XCConfigurationList section */
	};
	rootObject = 04FF769D1CB70D1D002798F1 /* Project object */;
}
